// !$*UTF8*$!
{
	archiveVersion = 1;
	classes = {
	};
	objectVersion = 46;
	objects = {

/* Begin PBXBuildFile section */
		C8CDA4AA1D1CB47E0002B3D7 /* AppDelegate.m in Sources */ = {isa = PBXBuildFile; fileRef = C8CDA4A91D1CB47E0002B3D7 /* AppDelegate.m */; };
		C8CDA4AD1D1CB47E0002B3D7 /* main.m in Sources */ = {isa = PBXBuildFile; fileRef = C8CDA4AC1D1CB47E0002B3D7 /* main.m */; };
		C8CDA4B01D1CB47E0002B3D7 /* ViewController.m in Sources */ = {isa = PBXBuildFile; fileRef = C8CDA4AF1D1CB47E0002B3D7 /* ViewController.m */; };
		C8CDA4B21D1CB47E0002B3D7 /* Assets.xcassets in Resources */ = {isa = PBXBuildFile; fileRef = C8CDA4B11D1CB47E0002B3D7 /* Assets.xcassets */; };
		C8CDA4B51D1CB47E0002B3D7 /* Main.storyboard in Resources */ = {isa = PBXBuildFile; fileRef = C8CDA4B31D1CB47E0002B3D7 /* Main.storyboard */; };
/* End PBXBuildFile section */

/* Begin PBXFileReference section */
		C8CDA4A51D1CB47E0002B3D7 /* KeyboardInput.app */ = {isa = PBXFileReference; explicitFileType = wrapper.application; includeInIndex = 0; path = KeyboardInput.app; sourceTree = BUILT_PRODUCTS_DIR; };
		C8CDA4A81D1CB47E0002B3D7 /* AppDelegate.h */ = {isa = PBXFileReference; lastKnownFileType = sourcecode.c.h; path = AppDelegate.h; sourceTree = "<group>"; };
		C8CDA4A91D1CB47E0002B3D7 /* AppDelegate.m */ = {isa = PBXFileReference; lastKnownFileType = sourcecode.c.objc; path = AppDelegate.m; sourceTree = "<group>"; };
		C8CDA4AC1D1CB47E0002B3D7 /* main.m */ = {isa = PBXFileReference; lastKnownFileType = sourcecode.c.objc; path = main.m; sourceTree = "<group>"; };
		C8CDA4AE1D1CB47E0002B3D7 /* ViewController.h */ = {isa = PBXFileReference; lastKnownFileType = sourcecode.c.h; path = ViewController.h; sourceTree = "<group>"; };
		C8CDA4AF1D1CB47E0002B3D7 /* ViewController.m */ = {isa = PBXFileReference; lastKnownFileType = sourcecode.c.objc; path = ViewController.m; sourceTree = "<group>"; };
		C8CDA4B11D1CB47E0002B3D7 /* Assets.xcassets */ = {isa = PBXFileReference; lastKnownFileType = folder.assetcatalog; path = Assets.xcassets; sourceTree = "<group>"; };
		C8CDA4B41D1CB47E0002B3D7 /* Base */ = {isa = PBXFileReference; lastKnownFileType = file.storyboard; name = Base; path = Base.lproj/Main.storyboard; sourceTree = "<group>"; };
		C8CDA4B61D1CB47E0002B3D7 /* Info.plist */ = {isa = PBXFileReference; lastKnownFileType = text.plist.xml; path = Info.plist; sourceTree = "<group>"; };
/* End PBXFileReference section */

/* Begin PBXFrameworksBuildPhase section */
		C8CDA4A21D1CB47E0002B3D7 /* Frameworks */ = {
			isa = PBXFrameworksBuildPhase;
			buildActionMask = 2147483647;
			files = (
			);
			runOnlyForDeploymentPostprocessing = 0;
		};
/* End PBXFrameworksBuildPhase section */

/* Begin PBXGroup section */
		C8CDA49C1D1CB47E0002B3D7 = {
			isa = PBXGroup;
			children = (
				C8CDA4A71D1CB47E0002B3D7 /* KeyboardInput */,
				C8CDA4A61D1CB47E0002B3D7 /* Products */,
			);
			sourceTree = "<group>";
		};
		C8CDA4A61D1CB47E0002B3D7 /* Products */ = {
			isa = PBXGroup;
			children = (
				C8CDA4A51D1CB47E0002B3D7 /* KeyboardInput.app */,
			);
			name = Products;
			sourceTree = "<group>";
		};
		C8CDA4A71D1CB47E0002B3D7 /* KeyboardInput */ = {
			isa = PBXGroup;
			children = (
				C8CDA4A81D1CB47E0002B3D7 /* AppDelegate.h */,
				C8CDA4A91D1CB47E0002B3D7 /* AppDelegate.m */,
				C8CDA4AE1D1CB47E0002B3D7 /* ViewController.h */,
				C8CDA4AF1D1CB47E0002B3D7 /* ViewController.m */,
				C8CDA4B11D1CB47E0002B3D7 /* Assets.xcassets */,
				C8CDA4B31D1CB47E0002B3D7 /* Main.storyboard */,
				C8CDA4B61D1CB47E0002B3D7 /* Info.plist */,
				C8CDA4AB1D1CB47E0002B3D7 /* Supporting Files */,
			);
			path = KeyboardInput;
			sourceTree = "<group>";
		};
		C8CDA4AB1D1CB47E0002B3D7 /* Supporting Files */ = {
			isa = PBXGroup;
			children = (
				C8CDA4AC1D1CB47E0002B3D7 /* main.m */,
			);
			name = "Supporting Files";
			sourceTree = "<group>";
		};
/* End PBXGroup section */

/* Begin PBXNativeTarget section */
		C8CDA4A41D1CB47E0002B3D7 /* KeyboardInput */ = {
			isa = PBXNativeTarget;
			buildConfigurationList = C8CDA4B91D1CB47E0002B3D7 /* Build configuration list for PBXNativeTarget "KeyboardInput" */;
			buildPhases = (
				C8CDA4A11D1CB47E0002B3D7 /* Sources */,
				C8CDA4A21D1CB47E0002B3D7 /* Frameworks */,
				C8CDA4A31D1CB47E0002B3D7 /* Resources */,
			);
			buildRules = (
			);
			dependencies = (
			);
			name = KeyboardInput;
			productName = KeyboardInput;
			productReference = C8CDA4A51D1CB47E0002B3D7 /* KeyboardInput.app */;
			productType = "com.apple.product-type.application";
		};
/* End PBXNativeTarget section */

/* Begin PBXProject section */
		C8CDA49D1D1CB47E0002B3D7 /* Project object */ = {
			isa = PBXProject;
			attributes = {
				LastUpgradeCheck = 0730;
				ORGANIZATIONNAME = "David Cairns";
				TargetAttributes = {
					C8CDA4A41D1CB47E0002B3D7 = {
						CreatedOnToolsVersion = 7.3.1;
					};
				};
			};
			buildConfigurationList = C8CDA4A01D1CB47E0002B3D7 /* Build configuration list for PBXProject "KeyboardInput" */;
			compatibilityVersion = "Xcode 3.2";
			developmentRegion = English;
			hasScannedForEncodings = 0;
			knownRegions = (
				en,
				Base,
			);
			mainGroup = C8CDA49C1D1CB47E0002B3D7;
			productRefGroup = C8CDA4A61D1CB47E0002B3D7 /* Products */;
			projectDirPath = "";
			projectRoot = "";
			targets = (
				C8CDA4A41D1CB47E0002B3D7 /* KeyboardInput */,
			);
		};
/* End PBXProject section */

/* Begin PBXResourcesBuildPhase section */
		C8CDA4A31D1CB47E0002B3D7 /* Resources */ = {
			isa = PBXResourcesBuildPhase;
			buildActionMask = 2147483647;
			files = (
				C8CDA4B21D1CB47E0002B3D7 /* Assets.xcassets in Resources */,
				C8CDA4B51D1CB47E0002B3D7 /* Main.storyboard in Resources */,
			);
			runOnlyForDeploymentPostprocessing = 0;
		};
/* End PBXResourcesBuildPhase section */

/* Begin PBXSourcesBuildPhase section */
		C8CDA4A11D1CB47E0002B3D7 /* Sources */ = {
			isa = PBXSourcesBuildPhase;
			buildActionMask = 2147483647;
			files = (
				C8CDA4B01D1CB47E0002B3D7 /* ViewController.m in Sources */,
				C8CDA4AD1D1CB47E0002B3D7 /* main.m in Sources */,
				C8CDA4AA1D1CB47E0002B3D7 /* AppDelegate.m in Sources */,
			);
			runOnlyForDeploymentPostprocessing = 0;
		};
/* End PBXSourcesBuildPhase section */

/* Begin PBXVariantGroup section */
		C8CDA4B31D1CB47E0002B3D7 /* Main.storyboard */ = {
			isa = PBXVariantGroup;
			children = (
				C8CDA4B41D1CB47E0002B3D7 /* Base */,
			);
			name = Main.storyboard;
			sourceTree = "<group>";
		};
/* End PBXVariantGroup section */

/* Begin XCBuildConfiguration section */
		C8CDA4B71D1CB47E0002B3D7 /* Debug */ = {
			isa = XCBuildConfiguration;
			buildSettings = {
				ALWAYS_SEARCH_USER_PATHS = NO;
				CLANG_ANALYZER_NONNULL = YES;
				CLANG_CXX_LANGUAGE_STANDARD = "gnu++0x";
				CLANG_CXX_LIBRARY = "libc++";
				CLANG_ENABLE_MODULES = YES;
				CLANG_ENABLE_OBJC_ARC = YES;
				CLANG_WARN_BOOL_CONVERSION = YES;
				CLANG_WARN_CONSTANT_CONVERSION = YES;
				CLANG_WARN_DIRECT_OBJC_ISA_USAGE = YES_ERROR;
				CLANG_WARN_EMPTY_BODY = YES;
				CLANG_WARN_ENUM_CONVERSION = YES;
				CLANG_WARN_INT_CONVERSION = YES;
				CLANG_WARN_OBJC_ROOT_CLASS = YES_ERROR;
				CLANG_WARN_UNREACHABLE_CODE = YES;
				CLANG_WARN__DUPLICATE_METHOD_MATCH = YES;
				CODE_SIGN_IDENTITY = "-";
				COPY_PHASE_STRIP = NO;
				DEBUG_INFORMATION_FORMAT = dwarf;
				ENABLE_STRICT_OBJC_MSGSEND = YES;
				ENABLE_TESTABILITY = YES;
				GCC_C_LANGUAGE_STANDARD = gnu99;
				GCC_DYNAMIC_NO_PIC = NO;
				GCC_NO_COMMON_BLOCKS = YES;
				GCC_OPTIMIZATION_LEVEL = 0;
				GCC_PREPROCESSOR_DEFINITIONS = (
					"DEBUG=1",
					"$(inherited)",
				);
				GCC_WARN_64_TO_32_BIT_CONVERSION = YES;
				GCC_WARN_ABOUT_RETURN_TYPE = YES_ERROR;
				GCC_WARN_UNDECLARED_SELECTOR = YES;
				GCC_WARN_UNINITIALIZED_AUTOS = YES_AGGRESSIVE;
				GCC_WARN_UNUSED_FUNCTION = YES;
				GCC_WARN_UNUSED_VARIABLE = YES;
				MACOSX_DEPLOYMENT_TARGET = 10.11;
				MTL_ENABLE_DEBUG_INFO = YES;
				ONLY_ACTIVE_ARCH = YES;
				SDKROOT = macosx;
			};
			name = Debug;
		};
		C8CDA4B81D1CB47E0002B3D7 /* Release */ = {
			isa = XCBuildConfiguration;
			buildSettings = {
				ALWAYS_SEARCH_USER_PATHS = NO;
				CLANG_ANALYZER_NONNULL = YES;
				CLANG_CXX_LANGUAGE_STANDARD = "gnu++0x";
				CLANG_CXX_LIBRARY = "libc++";
				CLANG_ENABLE_MODULES = YES;
				CLANG_ENABLE_OBJC_ARC = YES;
				CLANG_WARN_BOOL_CONVERSION = YES;
				CLANG_WARN_CONSTANT_CONVERSION = YES;
				CLANG_WARN_DIRECT_OBJC_ISA_USAGE = YES_ERROR;
				CLANG_WARN_EMPTY_BODY = YES;
				CLANG_WARN_ENUM_CONVERSION = YES;
				CLANG_WARN_INT_CONVERSION = YES;
				CLANG_WARN_OBJC_ROOT_CLASS = YES_ERROR;
				CLANG_WARN_UNREACHABLE_CODE = YES;
				CLANG_WARN__DUPLICATE_METHOD_MATCH = YES;
				CODE_SIGN_IDENTITY = "-";
				COPY_PHASE_STRIP = NO;
				DEBUG_INFORMATION_FORMAT = "dwarf-with-dsym";
				ENABLE_NS_ASSERTIONS = NO;
				ENABLE_STRICT_OBJC_MSGSEND = YES;
				GCC_C_LANGUAGE_STANDARD = gnu99;
				GCC_NO_COMMON_BLOCKS = YES;
				GCC_WARN_64_TO_32_BIT_CONVERSION = YES;
				GCC_WARN_ABOUT_RETURN_TYPE = YES_ERROR;
				GCC_WARN_UNDECLARED_SELECTOR = YES;
				GCC_WARN_UNINITIALIZED_AUTOS = YES_AGGRESSIVE;
				GCC_WARN_UNUSED_FUNCTION = YES;
				GCC_WARN_UNUSED_VARIABLE = YES;
				MACOSX_DEPLOYMENT_TARGET = 10.11;
				MTL_ENABLE_DEBUG_INFO = NO;
				SDKROOT = macosx;
			};
			name = Release;
		};
		C8CDA4BA1D1CB47E0002B3D7 /* Debug */ = {
			isa = XCBuildConfiguration;
			buildSettings = {
				ASSETCATALOG_COMPILER_APPICON_NAME = AppIcon;
				COMBINE_HIDPI_IMAGES = YES;
				INFOPLIST_FILE = KeyboardInput/Info.plist;
				LD_RUNPATH_SEARCH_PATHS = "$(inherited) @executable_path/../Frameworks";
				PRODUCT_BUNDLE_IDENTIFIER = com.davidcairns.KeyboardInput;
				PRODUCT_NAME = "$(TARGET_NAME)";
			};
			name = Debug;
		};
		C8CDA4BB1D1CB47E0002B3D7 /* Release */ = {
			isa = XCBuildConfiguration;
			buildSettings = {
				ASSETCATALOG_COMPILER_APPICON_NAME = AppIcon;
				COMBINE_HIDPI_IMAGES = YES;
				INFOPLIST_FILE = KeyboardInput/Info.plist;
				LD_RUNPATH_SEARCH_PATHS = "$(inherited) @executable_path/../Frameworks";
				PRODUCT_BUNDLE_IDENTIFIER = com.davidcairns.KeyboardInput;
				PRODUCT_NAME = "$(TARGET_NAME)";
			};
			name = Release;
		};
/* End XCBuildConfiguration section */

/* Begin XCConfigurationList section */
		C8CDA4A01D1CB47E0002B3D7 /* Build configuration list for PBXProject "KeyboardInput" */ = {
			isa = XCConfigurationList;
			buildConfigurations = (
				C8CDA4B71D1CB47E0002B3D7 /* Debug */,
				C8CDA4B81D1CB47E0002B3D7 /* Release */,
			);
			defaultConfigurationIsVisible = 0;
			defaultConfigurationName = Release;
		};
		C8CDA4B91D1CB47E0002B3D7 /* Build configuration list for PBXNativeTarget "KeyboardInput" */ = {
			isa = XCConfigurationList;
			buildConfigurations = (
				C8CDA4BA1D1CB47E0002B3D7 /* Debug */,
				C8CDA4BB1D1CB47E0002B3D7 /* Release */,
			);
			defaultConfigurationIsVisible = 0;
		};
/* End XCConfigurationList section */
	};
	rootObject = C8CDA49D1D1CB47E0002B3D7 /* Project object */;
}
